PODS:
  - Flutter (1.0.0)
  - flutter_crypto_storage (3.3.1):
    - Flutter

DEPENDENCIES:
  - Flutter (from `/Users/hynkle/Library/flutter/bin/cache/artifacts/engine/ios`)
  - flutter_crypto_storage (from `/Users/hynkle/Documents/projects/Moneytree/flutter_secure_storage/ios`)

EXTERNAL SOURCES:
  Flutter:
    :path: "/Users/hynkle/Library/flutter/bin/cache/artifacts/engine/ios"
  flutter_crypto_storage:
    :path: "/Users/hynkle/Documents/projects/Moneytree/flutter_secure_storage/ios"

SPEC CHECKSUMS:
  Flutter: 0e3d915762c693b495b44d77113d4970485de6ec
  flutter_crypto_storage: fba6940b9408f75bb668ed5aa2afeeaafc44335f

PODFILE CHECKSUM: dd88d1984bbdfbd00c2a22a8d8685aac10b0e918

COCOAPODS: 1.9.2
